
Microsoft Visual Studio Solution File, Format Version 12.00
Project("{FAE04EC0-301F-11D3-BF4B-00C04F79EFBC}") = "Stofipy.DAL", "Stofipy.DAL\Stofipy.DAL.csproj", "{5D438E9D-205A-4F9B-BF10-2F2902A1DCFE}"
EndProject
Project("{FAE04EC0-301F-11D3-BF4B-00C04F79EFBC}") = "Stofipy.DAL.Tests", "Stofipy.DAL.Tests\Stofipy.DAL.Tests.csproj", "{D162AB47-4C9A-45E2-BDF8-D171DC70D750}"
EndProject
Project("{FAE04EC0-301F-11D3-BF4B-00C04F79EFBC}") = "Stofipy.BL", "Stofipy.BL\Stofipy.BL.csproj", "{06E4C223-5F1E-4751-8714-57411877143C}"
EndProject
Project("{2150E333-8FDC-42A3-9474-1A3956D46DE8}") = "SolutionFiles", "SolutionFiles", "{F89E0E2B-7EE8-40CA-8815-90D59C50128F}"
	ProjectSection(SolutionItems) = preProject
		.editorconfig.txt = .editorconfig.txt
		README.md = README.md
		.gitignore = .gitignore
	EndProjectSection
EndProject
Project("{FAE04EC0-301F-11D3-BF4B-00C04F79EFBC}") = "Stofipy.BL.Tests", "Stofipy.BL.Tests\Stofipy.BL.Tests.csproj", "{55258AFB-395C-4885-A8AA-8F01E80BF801}"
EndProject
Project("{FAE04EC0-301F-11D3-BF4B-00C04F79EFBC}") = "Stofipy.Common.Tests", "Stofipy.Common.Tests\Stofipy.Common.Tests.csproj", "{3AC8BE41-F68A-419A-B1ED-5AF5BA061EC8}"
EndProject
Project("{2150E333-8FDC-42A3-9474-1A3956D46DE8}") = "Tests", "Tests", "{EE7CEC12-989F-4CBD-B95A-672613309907}"
EndProject
Project("{2150E333-8FDC-42A3-9474-1A3956D46DE8}") = "App", "App", "{451A6730-D876-4192-A600-46A53A7D9BCC}"
EndProject
Project("{FAE04EC0-301F-11D3-BF4B-00C04F79EFBC}") = "Stofipy.App", "Stofipy.App\Stofipy.App.csproj", "{87302395-56F3-4443-B103-5CDCB6C8015A}"
EndProject
Global
	GlobalSection(SolutionConfigurationPlatforms) = preSolution
		Debug|Any CPU = Debug|Any CPU
		Release|Any CPU = Release|Any CPU
	EndGlobalSection
	GlobalSection(ProjectConfigurationPlatforms) = postSolution
		{5D438E9D-205A-4F9B-BF10-2F2902A1DCFE}.Debug|Any CPU.ActiveCfg = Debug|Any CPU
		{5D438E9D-205A-4F9B-BF10-2F2902A1DCFE}.Debug|Any CPU.Build.0 = Debug|Any CPU
		{5D438E9D-205A-4F9B-BF10-2F2902A1DCFE}.Release|Any CPU.ActiveCfg = Release|Any CPU
		{5D438E9D-205A-4F9B-BF10-2F2902A1DCFE}.Release|Any CPU.Build.0 = Release|Any CPU
		{D162AB47-4C9A-45E2-BDF8-D171DC70D750}.Debug|Any CPU.ActiveCfg = Debug|Any CPU
		{D162AB47-4C9A-45E2-BDF8-D171DC70D750}.Debug|Any CPU.Build.0 = Debug|Any CPU
		{D162AB47-4C9A-45E2-BDF8-D171DC70D750}.Release|Any CPU.ActiveCfg = Release|Any CPU
		{D162AB47-4C9A-45E2-BDF8-D171DC70D750}.Release|Any CPU.Build.0 = Release|Any CPU
		{06E4C223-5F1E-4751-8714-57411877143C}.Debug|Any CPU.ActiveCfg = Debug|Any CPU
		{06E4C223-5F1E-4751-8714-57411877143C}.Debug|Any CPU.Build.0 = Debug|Any CPU
		{06E4C223-5F1E-4751-8714-57411877143C}.Release|Any CPU.ActiveCfg = Release|Any CPU
		{06E4C223-5F1E-4751-8714-57411877143C}.Release|Any CPU.Build.0 = Release|Any CPU
		{55258AFB-395C-4885-A8AA-8F01E80BF801}.Debug|Any CPU.ActiveCfg = Debug|Any CPU
		{55258AFB-395C-4885-A8AA-8F01E80BF801}.Debug|Any CPU.Build.0 = Debug|Any CPU
		{55258AFB-395C-4885-A8AA-8F01E80BF801}.Release|Any CPU.ActiveCfg = Release|Any CPU
		{55258AFB-395C-4885-A8AA-8F01E80BF801}.Release|Any CPU.Build.0 = Release|Any CPU
		{3AC8BE41-F68A-419A-B1ED-5AF5BA061EC8}.Debug|Any CPU.ActiveCfg = Debug|Any CPU
		{3AC8BE41-F68A-419A-B1ED-5AF5BA061EC8}.Debug|Any CPU.Build.0 = Debug|Any CPU
		{3AC8BE41-F68A-419A-B1ED-5AF5BA061EC8}.Release|Any CPU.ActiveCfg = Release|Any CPU
		{3AC8BE41-F68A-419A-B1ED-5AF5BA061EC8}.Release|Any CPU.Build.0 = Release|Any CPU
		{87302395-56F3-4443-B103-5CDCB6C8015A}.Debug|Any CPU.ActiveCfg = Debug|Any CPU
		{87302395-56F3-4443-B103-5CDCB6C8015A}.Debug|Any CPU.Build.0 = Debug|Any CPU
		{87302395-56F3-4443-B103-5CDCB6C8015A}.Release|Any CPU.ActiveCfg = Release|Any CPU
		{87302395-56F3-4443-B103-5CDCB6C8015A}.Release|Any CPU.Build.0 = Release|Any CPU
	EndGlobalSection
	GlobalSection(NestedProjects) = preSolution
		{55258AFB-395C-4885-A8AA-8F01E80BF801} = {EE7CEC12-989F-4CBD-B95A-672613309907}
		{3AC8BE41-F68A-419A-B1ED-5AF5BA061EC8} = {EE7CEC12-989F-4CBD-B95A-672613309907}
		{D162AB47-4C9A-45E2-BDF8-D171DC70D750} = {EE7CEC12-989F-4CBD-B95A-672613309907}
		{06E4C223-5F1E-4751-8714-57411877143C} = {451A6730-D876-4192-A600-46A53A7D9BCC}
		{5D438E9D-205A-4F9B-BF10-2F2902A1DCFE} = {451A6730-D876-4192-A600-46A53A7D9BCC}
		{87302395-56F3-4443-B103-5CDCB6C8015A} = {451A6730-D876-4192-A600-46A53A7D9BCC}
	EndGlobalSection
EndGlobal
